// !$*UTF8*$!
{
	archiveVersion = 1;
	classes = {
	};
	objectVersion = 51;
	objects = {

/* Begin PBXBuildFile section */
		384719C82720BC7600498930 /* DataLayer.swift in Sources */ = {isa = PBXBuildFile; fileRef = 384719C72720BC7600498930 /* DataLayer.swift */; };
		3875F67A27657E590072F95C /* Song.swift in Sources */ = {isa = PBXBuildFile; fileRef = 3875F67927657E590072F95C /* Song.swift */; };
		3875F67C2765B7BB0072F95C /* SummaryViewController.swift in Sources */ = {isa = PBXBuildFile; fileRef = 3875F67B2765B7BB0072F95C /* SummaryViewController.swift */; };
		38B775A8271F8EBC0014E7E9 /* AppDelegate.swift in Sources */ = {isa = PBXBuildFile; fileRef = 38B775A7271F8EBC0014E7E9 /* AppDelegate.swift */; };
		38B775AA271F8EBC0014E7E9 /* SceneDelegate.swift in Sources */ = {isa = PBXBuildFile; fileRef = 38B775A9271F8EBC0014E7E9 /* SceneDelegate.swift */; };
		38B775AC271F8EBC0014E7E9 /* ViewController.swift in Sources */ = {isa = PBXBuildFile; fileRef = 38B775AB271F8EBC0014E7E9 /* ViewController.swift */; };
		38B775AF271F8EBC0014E7E9 /* Main.storyboard in Resources */ = {isa = PBXBuildFile; fileRef = 38B775AD271F8EBC0014E7E9 /* Main.storyboard */; };
		38B775B1271F8EBE0014E7E9 /* Assets.xcassets in Resources */ = {isa = PBXBuildFile; fileRef = 38B775B0271F8EBE0014E7E9 /* Assets.xcassets */; };
		38B775B4271F8EBE0014E7E9 /* LaunchScreen.storyboard in Resources */ = {isa = PBXBuildFile; fileRef = 38B775B2271F8EBE0014E7E9 /* LaunchScreen.storyboard */; };
		38B775BF271F8EBE0014E7E9 /* AutoLayoutIBAppTests.swift in Sources */ = {isa = PBXBuildFile; fileRef = 38B775BE271F8EBE0014E7E9 /* AutoLayoutIBAppTests.swift */; };
		38B775CA271F8EBE0014E7E9 /* AutoLayoutIBAppUITests.swift in Sources */ = {isa = PBXBuildFile; fileRef = 38B775C9271F8EBE0014E7E9 /* AutoLayoutIBAppUITests.swift */; };
		D9EA25DD073FDB9AE98F1D3F /* Pods_AutoLayoutIBApp.framework in Frameworks */ = {isa = PBXBuildFile; fileRef = 84829C8CE3AA1644F586819A /* Pods_AutoLayoutIBApp.framework */; };
/* End PBXBuildFile section */

/* Begin PBXContainerItemProxy section */
		38B775BB271F8EBE0014E7E9 /* PBXContainerItemProxy */ = {
			isa = PBXContainerItemProxy;
			containerPortal = 38B7759C271F8EBC0014E7E9 /* Project object */;
			proxyType = 1;
			remoteGlobalIDString = 38B775A3271F8EBC0014E7E9;
			remoteInfo = AutoLayoutIBApp;
		};
		38B775C6271F8EBE0014E7E9 /* PBXContainerItemProxy */ = {
			isa = PBXContainerItemProxy;
			containerPortal = 38B7759C271F8EBC0014E7E9 /* Project object */;
			proxyType = 1;
			remoteGlobalIDString = 38B775A3271F8EBC0014E7E9;
			remoteInfo = AutoLayoutIBApp;
		};
/* End PBXContainerItemProxy section */

/* Begin PBXFileReference section */
		384719C72720BC7600498930 /* DataLayer.swift */ = {isa = PBXFileReference; lastKnownFileType = sourcecode.swift; path = DataLayer.swift; sourceTree = "<group>"; };
		3875F67927657E590072F95C /* Song.swift */ = {isa = PBXFileReference; lastKnownFileType = sourcecode.swift; path = Song.swift; sourceTree = "<group>"; };
		3875F67B2765B7BB0072F95C /* SummaryViewController.swift */ = {isa = PBXFileReference; lastKnownFileType = sourcecode.swift; path = SummaryViewController.swift; sourceTree = "<group>"; };
		38B775A4271F8EBC0014E7E9 /* AutoLayoutIBApp.app */ = {isa = PBXFileReference; explicitFileType = wrapper.application; includeInIndex = 0; path = AutoLayoutIBApp.app; sourceTree = BUILT_PRODUCTS_DIR; };
		38B775A7271F8EBC0014E7E9 /* AppDelegate.swift */ = {isa = PBXFileReference; lastKnownFileType = sourcecode.swift; path = AppDelegate.swift; sourceTree = "<group>"; };
		38B775A9271F8EBC0014E7E9 /* SceneDelegate.swift */ = {isa = PBXFileReference; lastKnownFileType = sourcecode.swift; path = SceneDelegate.swift; sourceTree = "<group>"; };
		38B775AB271F8EBC0014E7E9 /* ViewController.swift */ = {isa = PBXFileReference; lastKnownFileType = sourcecode.swift; path = ViewController.swift; sourceTree = "<group>"; };
		38B775AE271F8EBC0014E7E9 /* Base */ = {isa = PBXFileReference; lastKnownFileType = file.storyboard; name = Base; path = Base.lproj/Main.storyboard; sourceTree = "<group>"; };
		38B775B0271F8EBE0014E7E9 /* Assets.xcassets */ = {isa = PBXFileReference; lastKnownFileType = folder.assetcatalog; path = Assets.xcassets; sourceTree = "<group>"; };
		38B775B3271F8EBE0014E7E9 /* Base */ = {isa = PBXFileReference; lastKnownFileType = file.storyboard; name = Base; path = Base.lproj/LaunchScreen.storyboard; sourceTree = "<group>"; };
		38B775B5271F8EBE0014E7E9 /* Info.plist */ = {isa = PBXFileReference; lastKnownFileType = text.plist.xml; path = Info.plist; sourceTree = "<group>"; };
		38B775BA271F8EBE0014E7E9 /* AutoLayoutIBAppTests.xctest */ = {isa = PBXFileReference; explicitFileType = wrapper.cfbundle; includeInIndex = 0; path = AutoLayoutIBAppTests.xctest; sourceTree = BUILT_PRODUCTS_DIR; };
		38B775BE271F8EBE0014E7E9 /* AutoLayoutIBAppTests.swift */ = {isa = PBXFileReference; lastKnownFileType = sourcecode.swift; path = AutoLayoutIBAppTests.swift; sourceTree = "<group>"; };
		38B775C0271F8EBE0014E7E9 /* Info.plist */ = {isa = PBXFileReference; lastKnownFileType = text.plist.xml; path = Info.plist; sourceTree = "<group>"; };
		38B775C5271F8EBE0014E7E9 /* AutoLayoutIBAppUITests.xctest */ = {isa = PBXFileReference; explicitFileType = wrapper.cfbundle; includeInIndex = 0; path = AutoLayoutIBAppUITests.xctest; sourceTree = BUILT_PRODUCTS_DIR; };
		38B775C9271F8EBE0014E7E9 /* AutoLayoutIBAppUITests.swift */ = {isa = PBXFileReference; lastKnownFileType = sourcecode.swift; path = AutoLayoutIBAppUITests.swift; sourceTree = "<group>"; };
		38B775CB271F8EBE0014E7E9 /* Info.plist */ = {isa = PBXFileReference; lastKnownFileType = text.plist.xml; path = Info.plist; sourceTree = "<group>"; };
		505A10AFF36FC759D410ACDE /* Pods-AutoLayoutIBApp.debug.xcconfig */ = {isa = PBXFileReference; includeInIndex = 1; lastKnownFileType = text.xcconfig; name = "Pods-AutoLayoutIBApp.debug.xcconfig"; path = "Target Support Files/Pods-AutoLayoutIBApp/Pods-AutoLayoutIBApp.debug.xcconfig"; sourceTree = "<group>"; };
		84829C8CE3AA1644F586819A /* Pods_AutoLayoutIBApp.framework */ = {isa = PBXFileReference; explicitFileType = wrapper.framework; includeInIndex = 0; path = Pods_AutoLayoutIBApp.framework; sourceTree = BUILT_PRODUCTS_DIR; };
		D8153AF7DE5746F846506AD7 /* Pods-AutoLayoutIBApp.release.xcconfig */ = {isa = PBXFileReference; includeInIndex = 1; lastKnownFileType = text.xcconfig; name = "Pods-AutoLayoutIBApp.release.xcconfig"; path = "Target Support Files/Pods-AutoLayoutIBApp/Pods-AutoLayoutIBApp.release.xcconfig"; sourceTree = "<group>"; };
/* End PBXFileReference section */

/* Begin PBXFrameworksBuildPhase section */
		38B775A1271F8EBC0014E7E9 /* Frameworks */ = {
			isa = PBXFrameworksBuildPhase;
			buildActionMask = 2147483647;
			files = (
				D9EA25DD073FDB9AE98F1D3F /* Pods_AutoLayoutIBApp.framework in Frameworks */,
			);
			runOnlyForDeploymentPostprocessing = 0;
		};
		38B775B7271F8EBE0014E7E9 /* Frameworks */ = {
			isa = PBXFrameworksBuildPhase;
			buildActionMask = 2147483647;
			files = (
			);
			runOnlyForDeploymentPostprocessing = 0;
		};
		38B775C2271F8EBE0014E7E9 /* Frameworks */ = {
			isa = PBXFrameworksBuildPhase;
			buildActionMask = 2147483647;
			files = (
			);
			runOnlyForDeploymentPostprocessing = 0;
		};
/* End PBXFrameworksBuildPhase section */

/* Begin PBXGroup section */
		38B7759B271F8EBC0014E7E9 = {
			isa = PBXGroup;
			children = (
				38B775A6271F8EBC0014E7E9 /* AutoLayoutIBApp */,
				38B775BD271F8EBE0014E7E9 /* AutoLayoutIBAppTests */,
				38B775C8271F8EBE0014E7E9 /* AutoLayoutIBAppUITests */,
				38B775A5271F8EBC0014E7E9 /* Products */,
				AB88C3EF13B86F23391DFF24 /* Pods */,
				8EBA5496C94224332B1C7393 /* Frameworks */,
			);
			sourceTree = "<group>";
		};
		38B775A5271F8EBC0014E7E9 /* Products */ = {
			isa = PBXGroup;
			children = (
				38B775A4271F8EBC0014E7E9 /* AutoLayoutIBApp.app */,
				38B775BA271F8EBE0014E7E9 /* AutoLayoutIBAppTests.xctest */,
				38B775C5271F8EBE0014E7E9 /* AutoLayoutIBAppUITests.xctest */,
			);
			name = Products;
			sourceTree = "<group>";
		};
		38B775A6271F8EBC0014E7E9 /* AutoLayoutIBApp */ = {
			isa = PBXGroup;
			children = (
				38B775A7271F8EBC0014E7E9 /* AppDelegate.swift */,
				38B775A9271F8EBC0014E7E9 /* SceneDelegate.swift */,
				38B775AB271F8EBC0014E7E9 /* ViewController.swift */,
				38B775AD271F8EBC0014E7E9 /* Main.storyboard */,
				38B775B0271F8EBE0014E7E9 /* Assets.xcassets */,
				38B775B2271F8EBE0014E7E9 /* LaunchScreen.storyboard */,
				38B775B5271F8EBE0014E7E9 /* Info.plist */,
				384719C72720BC7600498930 /* DataLayer.swift */,
				3875F67927657E590072F95C /* Song.swift */,
				3875F67B2765B7BB0072F95C /* SummaryViewController.swift */,
			);
			path = AutoLayoutIBApp;
			sourceTree = "<group>";
		};
		38B775BD271F8EBE0014E7E9 /* AutoLayoutIBAppTests */ = {
			isa = PBXGroup;
			children = (
				38B775BE271F8EBE0014E7E9 /* AutoLayoutIBAppTests.swift */,
				38B775C0271F8EBE0014E7E9 /* Info.plist */,
			);
			path = AutoLayoutIBAppTests;
			sourceTree = "<group>";
		};
		38B775C8271F8EBE0014E7E9 /* AutoLayoutIBAppUITests */ = {
			isa = PBXGroup;
			children = (
				38B775C9271F8EBE0014E7E9 /* AutoLayoutIBAppUITests.swift */,
				38B775CB271F8EBE0014E7E9 /* Info.plist */,
			);
			path = AutoLayoutIBAppUITests;
			sourceTree = "<group>";
		};
		8EBA5496C94224332B1C7393 /* Frameworks */ = {
			isa = PBXGroup;
			children = (
				84829C8CE3AA1644F586819A /* Pods_AutoLayoutIBApp.framework */,
			);
			name = Frameworks;
			sourceTree = "<group>";
		};
		AB88C3EF13B86F23391DFF24 /* Pods */ = {
			isa = PBXGroup;
			children = (
				505A10AFF36FC759D410ACDE /* Pods-AutoLayoutIBApp.debug.xcconfig */,
				D8153AF7DE5746F846506AD7 /* Pods-AutoLayoutIBApp.release.xcconfig */,
			);
			path = Pods;
			sourceTree = "<group>";
		};
/* End PBXGroup section */

/* Begin PBXNativeTarget section */
		38B775A3271F8EBC0014E7E9 /* AutoLayoutIBApp */ = {
			isa = PBXNativeTarget;
			buildConfigurationList = 38B775CE271F8EBE0014E7E9 /* Build configuration list for PBXNativeTarget "AutoLayoutIBApp" */;
			buildPhases = (
				5BCCF9F566454D990616AEF5 /* [CP] Check Pods Manifest.lock */,
				38B775A0271F8EBC0014E7E9 /* Sources */,
				38B775A1271F8EBC0014E7E9 /* Frameworks */,
				38B775A2271F8EBC0014E7E9 /* Resources */,
				D3ACE9ED66F9093BD0D299CD /* [CP] Embed Pods Frameworks */,
			);
			buildRules = (
			);
			dependencies = (
			);
			name = AutoLayoutIBApp;
			productName = AutoLayoutIBApp;
			productReference = 38B775A4271F8EBC0014E7E9 /* AutoLayoutIBApp.app */;
			productType = "com.apple.product-type.application";
		};
		38B775B9271F8EBE0014E7E9 /* AutoLayoutIBAppTests */ = {
			isa = PBXNativeTarget;
			buildConfigurationList = 38B775D1271F8EBE0014E7E9 /* Build configuration list for PBXNativeTarget "AutoLayoutIBAppTests" */;
			buildPhases = (
				38B775B6271F8EBE0014E7E9 /* Sources */,
				38B775B7271F8EBE0014E7E9 /* Frameworks */,
				38B775B8271F8EBE0014E7E9 /* Resources */,
			);
			buildRules = (
			);
			dependencies = (
				38B775BC271F8EBE0014E7E9 /* PBXTargetDependency */,
			);
			name = AutoLayoutIBAppTests;
			productName = AutoLayoutIBAppTests;
			productReference = 38B775BA271F8EBE0014E7E9 /* AutoLayoutIBAppTests.xctest */;
			productType = "com.apple.product-type.bundle.unit-test";
		};
		38B775C4271F8EBE0014E7E9 /* AutoLayoutIBAppUITests */ = {
			isa = PBXNativeTarget;
			buildConfigurationList = 38B775D4271F8EBE0014E7E9 /* Build configuration list for PBXNativeTarget "AutoLayoutIBAppUITests" */;
			buildPhases = (
				38B775C1271F8EBE0014E7E9 /* Sources */,
				38B775C2271F8EBE0014E7E9 /* Frameworks */,
				38B775C3271F8EBE0014E7E9 /* Resources */,
			);
			buildRules = (
			);
			dependencies = (
				38B775C7271F8EBE0014E7E9 /* PBXTargetDependency */,
			);
			name = AutoLayoutIBAppUITests;
			productName = AutoLayoutIBAppUITests;
			productReference = 38B775C5271F8EBE0014E7E9 /* AutoLayoutIBAppUITests.xctest */;
			productType = "com.apple.product-type.bundle.ui-testing";
		};
/* End PBXNativeTarget section */

/* Begin PBXProject section */
		38B7759C271F8EBC0014E7E9 /* Project object */ = {
			isa = PBXProject;
			attributes = {
				LastSwiftUpdateCheck = 1150;
				LastUpgradeCheck = 1150;
				ORGANIZATIONNAME = "Michael Nguyen";
				TargetAttributes = {
					38B775A3271F8EBC0014E7E9 = {
						CreatedOnToolsVersion = 11.5;
					};
					38B775B9271F8EBE0014E7E9 = {
						CreatedOnToolsVersion = 11.5;
						TestTargetID = 38B775A3271F8EBC0014E7E9;
					};
					38B775C4271F8EBE0014E7E9 = {
						CreatedOnToolsVersion = 11.5;
						TestTargetID = 38B775A3271F8EBC0014E7E9;
					};
				};
			};
			buildConfigurationList = 38B7759F271F8EBC0014E7E9 /* Build configuration list for PBXProject "AutoLayoutIBApp" */;
			compatibilityVersion = "Xcode 9.3";
			developmentRegion = en;
			hasScannedForEncodings = 0;
			knownRegions = (
				en,
				Base,
			);
			mainGroup = 38B7759B271F8EBC0014E7E9;
			productRefGroup = 38B775A5271F8EBC0014E7E9 /* Products */;
			projectDirPath = "";
			projectRoot = "";
			targets = (
				38B775A3271F8EBC0014E7E9 /* AutoLayoutIBApp */,
				38B775B9271F8EBE0014E7E9 /* AutoLayoutIBAppTests */,
				38B775C4271F8EBE0014E7E9 /* AutoLayoutIBAppUITests */,
			);
		};
/* End PBXProject section */

/* Begin PBXResourcesBuildPhase section */
		38B775A2271F8EBC0014E7E9 /* Resources */ = {
			isa = PBXResourcesBuildPhase;
			buildActionMask = 2147483647;
			files = (
				38B775B4271F8EBE0014E7E9 /* LaunchScreen.storyboard in Resources */,
				38B775B1271F8EBE0014E7E9 /* Assets.xcassets in Resources */,
				38B775AF271F8EBC0014E7E9 /* Main.storyboard in Resources */,
			);
			runOnlyForDeploymentPostprocessing = 0;
		};
		38B775B8271F8EBE0014E7E9 /* Resources */ = {
			isa = PBXResourcesBuildPhase;
			buildActionMask = 2147483647;
			files = (
			);
			runOnlyForDeploymentPostprocessing = 0;
		};
		38B775C3271F8EBE0014E7E9 /* Resources */ = {
			isa = PBXResourcesBuildPhase;
			buildActionMask = 2147483647;
			files = (
			);
			runOnlyForDeploymentPostprocessing = 0;
		};
/* End PBXResourcesBuildPhase section */

/* Begin PBXShellScriptBuildPhase section */
		5BCCF9F566454D990616AEF5 /* [CP] Check Pods Manifest.lock */ = {
			isa = PBXShellScriptBuildPhase;
			buildActionMask = 2147483647;
			files = (
			);
			inputFileListPaths = (
			);
			inputPaths = (
				"${PODS_PODFILE_DIR_PATH}/Podfile.lock",
				"${PODS_ROOT}/Manifest.lock",
			);
			name = "[CP] Check Pods Manifest.lock";
			outputFileListPaths = (
			);
			outputPaths = (
				"$(DERIVED_FILE_DIR)/Pods-AutoLayoutIBApp-checkManifestLockResult.txt",
			);
			runOnlyForDeploymentPostprocessing = 0;
			shellPath = /bin/sh;
			shellScript = "diff \"${PODS_PODFILE_DIR_PATH}/Podfile.lock\" \"${PODS_ROOT}/Manifest.lock\" > /dev/null\nif [ $? != 0 ] ; then\n    # print error to STDERR\n    echo \"error: The sandbox is not in sync with the Podfile.lock. Run 'pod install' or update your CocoaPods installation.\" >&2\n    exit 1\nfi\n# This output is used by Xcode 'outputs' to avoid re-running this script phase.\necho \"SUCCESS\" > \"${SCRIPT_OUTPUT_FILE_0}\"\n";
			showEnvVarsInLog = 0;
		};
		D3ACE9ED66F9093BD0D299CD /* [CP] Embed Pods Frameworks */ = {
			isa = PBXShellScriptBuildPhase;
			buildActionMask = 2147483647;
			files = (
			);
			inputFileListPaths = (
				"${PODS_ROOT}/Target Support Files/Pods-AutoLayoutIBApp/Pods-AutoLayoutIBApp-frameworks-${CONFIGURATION}-input-files.xcfilelist",
			);
			name = "[CP] Embed Pods Frameworks";
			outputFileListPaths = (
				"${PODS_ROOT}/Target Support Files/Pods-AutoLayoutIBApp/Pods-AutoLayoutIBApp-frameworks-${CONFIGURATION}-output-files.xcfilelist",
			);
			runOnlyForDeploymentPostprocessing = 0;
			shellPath = /bin/sh;
			shellScript = "\"${PODS_ROOT}/Target Support Files/Pods-AutoLayoutIBApp/Pods-AutoLayoutIBApp-frameworks.sh\"\n";
			showEnvVarsInLog = 0;
		};
/* End PBXShellScriptBuildPhase section */

/* Begin PBXSourcesBuildPhase section */
		38B775A0271F8EBC0014E7E9 /* Sources */ = {
			isa = PBXSourcesBuildPhase;
			buildActionMask = 2147483647;
			files = (
				38B775AC271F8EBC0014E7E9 /* ViewController.swift in Sources */,
				384719C82720BC7600498930 /* DataLayer.swift in Sources */,
				38B775A8271F8EBC0014E7E9 /* AppDelegate.swift in Sources */,
				38B775AA271F8EBC0014E7E9 /* SceneDelegate.swift in Sources */,
				3875F67A27657E590072F95C /* Song.swift in Sources */,
				3875F67C2765B7BB0072F95C /* SummaryViewController.swift in Sources */,
			);
			runOnlyForDeploymentPostprocessing = 0;
		};
		38B775B6271F8EBE0014E7E9 /* Sources */ = {
			isa = PBXSourcesBuildPhase;
			buildActionMask = 2147483647;
			files = (
				38B775BF271F8EBE0014E7E9 /* AutoLayoutIBAppTests.swift in Sources */,
			);
			runOnlyForDeploymentPostprocessing = 0;
		};
		38B775C1271F8EBE0014E7E9 /* Sources */ = {
			isa = PBXSourcesBuildPhase;
			buildActionMask = 2147483647;
			files = (
				38B775CA271F8EBE0014E7E9 /* AutoLayoutIBAppUITests.swift in Sources */,
			);
			runOnlyForDeploymentPostprocessing = 0;
		};
/* End PBXSourcesBuildPhase section */

/* Begin PBXTargetDependency section */
		38B775BC271F8EBE0014E7E9 /* PBXTargetDependency */ = {
			isa = PBXTargetDependency;
			target = 38B775A3271F8EBC0014E7E9 /* AutoLayoutIBApp */;
			targetProxy = 38B775BB271F8EBE0014E7E9 /* PBXContainerItemProxy */;
		};
		38B775C7271F8EBE0014E7E9 /* PBXTargetDependency */ = {
			isa = PBXTargetDependency;
			target = 38B775A3271F8EBC0014E7E9 /* AutoLayoutIBApp */;
			targetProxy = 38B775C6271F8EBE0014E7E9 /* PBXContainerItemProxy */;
		};
/* End PBXTargetDependency section */

/* Begin PBXVariantGroup section */
		38B775AD271F8EBC0014E7E9 /* Main.storyboard */ = {
			isa = PBXVariantGroup;
			children = (
				38B775AE271F8EBC0014E7E9 /* Base */,
			);
			name = Main.storyboard;
			sourceTree = "<group>";
		};
		38B775B2271F8EBE0014E7E9 /* LaunchScreen.storyboard */ = {
			isa = PBXVariantGroup;
			children = (
				38B775B3271F8EBE0014E7E9 /* Base */,
			);
			name = LaunchScreen.storyboard;
			sourceTree = "<group>";
		};
/* End PBXVariantGroup section */

/* Begin XCBuildConfiguration section */
		38B775CC271F8EBE0014E7E9 /* Debug */ = {
			isa = XCBuildConfiguration;
			buildSettings = {
				ALWAYS_SEARCH_USER_PATHS = NO;
				CLANG_ANALYZER_NONNULL = YES;
				CLANG_ANALYZER_NUMBER_OBJECT_CONVERSION = YES_AGGRESSIVE;
				CLANG_CXX_LANGUAGE_STANDARD = "gnu++14";
				CLANG_CXX_LIBRARY = "libc++";
				CLANG_ENABLE_MODULES = YES;
				CLANG_ENABLE_OBJC_ARC = YES;
				CLANG_ENABLE_OBJC_WEAK = YES;
				CLANG_WARN_BLOCK_CAPTURE_AUTORELEASING = YES;
				CLANG_WARN_BOOL_CONVERSION = YES;
				CLANG_WARN_COMMA = YES;
				CLANG_WARN_CONSTANT_CONVERSION = YES;
				CLANG_WARN_DEPRECATED_OBJC_IMPLEMENTATIONS = YES;
				CLANG_WARN_DIRECT_OBJC_ISA_USAGE = YES_ERROR;
				CLANG_WARN_DOCUMENTATION_COMMENTS = YES;
				CLANG_WARN_EMPTY_BODY = YES;
				CLANG_WARN_ENUM_CONVERSION = YES;
				CLANG_WARN_INFINITE_RECURSION = YES;
				CLANG_WARN_INT_CONVERSION = YES;
				CLANG_WARN_NON_LITERAL_NULL_CONVERSION = YES;
				CLANG_WARN_OBJC_IMPLICIT_RETAIN_SELF = YES;
				CLANG_WARN_OBJC_LITERAL_CONVERSION = YES;
				CLANG_WARN_OBJC_ROOT_CLASS = YES_ERROR;
				CLANG_WARN_RANGE_LOOP_ANALYSIS = YES;
				CLANG_WARN_STRICT_PROTOTYPES = YES;
				CLANG_WARN_SUSPICIOUS_MOVE = YES;
				CLANG_WARN_UNGUARDED_AVAILABILITY = YES_AGGRESSIVE;
				CLANG_WARN_UNREACHABLE_CODE = YES;
				CLANG_WARN__DUPLICATE_METHOD_MATCH = YES;
				COPY_PHASE_STRIP = NO;
				DEBUG_INFORMATION_FORMAT = dwarf;
				ENABLE_STRICT_OBJC_MSGSEND = YES;
				ENABLE_TESTABILITY = YES;
				GCC_C_LANGUAGE_STANDARD = gnu11;
				GCC_DYNAMIC_NO_PIC = NO;
				GCC_NO_COMMON_BLOCKS = YES;
				GCC_OPTIMIZATION_LEVEL = 0;
				GCC_PREPROCESSOR_DEFINITIONS = (
					"DEBUG=1",
					"$(inherited)",
				);
				GCC_WARN_64_TO_32_BIT_CONVERSION = YES;
				GCC_WARN_ABOUT_RETURN_TYPE = YES_ERROR;
				GCC_WARN_UNDECLARED_SELECTOR = YES;
				GCC_WARN_UNINITIALIZED_AUTOS = YES_AGGRESSIVE;
				GCC_WARN_UNUSED_FUNCTION = YES;
				GCC_WARN_UNUSED_VARIABLE = YES;
				IPHONEOS_DEPLOYMENT_TARGET = 13.5;
				MTL_ENABLE_DEBUG_INFO = INCLUDE_SOURCE;
				MTL_FAST_MATH = YES;
				ONLY_ACTIVE_ARCH = YES;
				SDKROOT = iphoneos;
				SWIFT_ACTIVE_COMPILATION_CONDITIONS = DEBUG;
				SWIFT_OPTIMIZATION_LEVEL = "-Onone";
			};
			name = Debug;
		};
		38B775CD271F8EBE0014E7E9 /* Release */ = {
			isa = XCBuildConfiguration;
			buildSettings = {
				ALWAYS_SEARCH_USER_PATHS = NO;
				CLANG_ANALYZER_NONNULL = YES;
				CLANG_ANALYZER_NUMBER_OBJECT_CONVERSION = YES_AGGRESSIVE;
				CLANG_CXX_LANGUAGE_STANDARD = "gnu++14";
				CLANG_CXX_LIBRARY = "libc++";
				CLANG_ENABLE_MODULES = YES;
				CLANG_ENABLE_OBJC_ARC = YES;
				CLANG_ENABLE_OBJC_WEAK = YES;
				CLANG_WARN_BLOCK_CAPTURE_AUTORELEASING = YES;
				CLANG_WARN_BOOL_CONVERSION = YES;
				CLANG_WARN_COMMA = YES;
				CLANG_WARN_CONSTANT_CONVERSION = YES;
				CLANG_WARN_DEPRECATED_OBJC_IMPLEMENTATIONS = YES;
				CLANG_WARN_DIRECT_OBJC_ISA_USAGE = YES_ERROR;
				CLANG_WARN_DOCUMENTATION_COMMENTS = YES;
				CLANG_WARN_EMPTY_BODY = YES;
				CLANG_WARN_ENUM_CONVERSION = YES;
				CLANG_WARN_INFINITE_RECURSION = YES;
				CLANG_WARN_INT_CONVERSION = YES;
				CLANG_WARN_NON_LITERAL_NULL_CONVERSION = YES;
				CLANG_WARN_OBJC_IMPLICIT_RETAIN_SELF = YES;
				CLANG_WARN_OBJC_LITERAL_CONVERSION = YES;
				CLANG_WARN_OBJC_ROOT_CLASS = YES_ERROR;
				CLANG_WARN_RANGE_LOOP_ANALYSIS = YES;
				CLANG_WARN_STRICT_PROTOTYPES = YES;
				CLANG_WARN_SUSPICIOUS_MOVE = YES;
				CLANG_WARN_UNGUARDED_AVAILABILITY = YES_AGGRESSIVE;
				CLANG_WARN_UNREACHABLE_CODE = YES;
				CLANG_WARN__DUPLICATE_METHOD_MATCH = YES;
				COPY_PHASE_STRIP = NO;
				DEBUG_INFORMATION_FORMAT = "dwarf-with-dsym";
				ENABLE_NS_ASSERTIONS = NO;
				ENABLE_STRICT_OBJC_MSGSEND = YES;
				GCC_C_LANGUAGE_STANDARD = gnu11;
				GCC_NO_COMMON_BLOCKS = YES;
				GCC_WARN_64_TO_32_BIT_CONVERSION = YES;
				GCC_WARN_ABOUT_RETURN_TYPE = YES_ERROR;
				GCC_WARN_UNDECLARED_SELECTOR = YES;
				GCC_WARN_UNINITIALIZED_AUTOS = YES_AGGRESSIVE;
				GCC_WARN_UNUSED_FUNCTION = YES;
				GCC_WARN_UNUSED_VARIABLE = YES;
				IPHONEOS_DEPLOYMENT_TARGET = 13.5;
				MTL_ENABLE_DEBUG_INFO = NO;
				MTL_FAST_MATH = YES;
				SDKROOT = iphoneos;
				SWIFT_COMPILATION_MODE = wholemodule;
				SWIFT_OPTIMIZATION_LEVEL = "-O";
				VALIDATE_PRODUCT = YES;
			};
			name = Release;
		};
		38B775CF271F8EBE0014E7E9 /* Debug */ = {
			isa = XCBuildConfiguration;
			baseConfigurationReference = 505A10AFF36FC759D410ACDE /* Pods-AutoLayoutIBApp.debug.xcconfig */;
			buildSettings = {
				ASSETCATALOG_COMPILER_APPICON_NAME = AppIcon;
				CODE_SIGN_STYLE = Automatic;
				INFOPLIST_FILE = AutoLayoutIBApp/Info.plist;
				LD_RUNPATH_SEARCH_PATHS = (
					"$(inherited)",
					"@executable_path/Frameworks",
				);
				PRODUCT_BUNDLE_IDENTIFIER = org.csuf.cpsc411.AutoLayoutIBApp;
				PRODUCT_NAME = "$(TARGET_NAME)";
				SWIFT_VERSION = 5.0;
				TARGETED_DEVICE_FAMILY = "1,2";
			};
			name = Debug;
		};
		38B775D0271F8EBE0014E7E9 /* Release */ = {
			isa = XCBuildConfiguration;
			baseConfigurationReference = D8153AF7DE5746F846506AD7 /* Pods-AutoLayoutIBApp.release.xcconfig */;
			buildSettings = {
				ASSETCATALOG_COMPILER_APPICON_NAME = AppIcon;
				CODE_SIGN_STYLE = Automatic;
				INFOPLIST_FILE = AutoLayoutIBApp/Info.plist;
				LD_RUNPATH_SEARCH_PATHS = (
					"$(inherited)",
					"@executable_path/Frameworks",
				);
				PRODUCT_BUNDLE_IDENTIFIER = org.csuf.cpsc411.AutoLayoutIBApp;
				PRODUCT_NAME = "$(TARGET_NAME)";
				SWIFT_VERSION = 5.0;
				TARGETED_DEVICE_FAMILY = "1,2";
			};
			name = Release;
		};
		38B775D2271F8EBE0014E7E9 /* Debug */ = {
			isa = XCBuildConfiguration;
			buildSettings = {
				ALWAYS_EMBED_SWIFT_STANDARD_LIBRARIES = YES;
				BUNDLE_LOADER = "$(TEST_HOST)";
				CODE_SIGN_STYLE = Automatic;
				INFOPLIST_FILE = AutoLayoutIBAppTests/Info.plist;
				IPHONEOS_DEPLOYMENT_TARGET = 13.5;
				LD_RUNPATH_SEARCH_PATHS = (
					"$(inherited)",
					"@executable_path/Frameworks",
					"@loader_path/Frameworks",
				);
				PRODUCT_BUNDLE_IDENTIFIER = org.csuf.cpsc411.AutoLayoutIBAppTests;
				PRODUCT_NAME = "$(TARGET_NAME)";
				SWIFT_VERSION = 5.0;
				TARGETED_DEVICE_FAMILY = "1,2";
				TEST_HOST = "$(BUILT_PRODUCTS_DIR)/AutoLayoutIBApp.app/AutoLayoutIBApp";
			};
			name = Debug;
		};
		38B775D3271F8EBE0014E7E9 /* Release */ = {
			isa = XCBuildConfiguration;
			buildSettings = {
				ALWAYS_EMBED_SWIFT_STANDARD_LIBRARIES = YES;
				BUNDLE_LOADER = "$(TEST_HOST)";
				CODE_SIGN_STYLE = Automatic;
				INFOPLIST_FILE = AutoLayoutIBAppTests/Info.plist;
				IPHONEOS_DEPLOYMENT_TARGET = 13.5;
				LD_RUNPATH_SEARCH_PATHS = (
					"$(inherited)",
					"@executable_path/Frameworks",
					"@loader_path/Frameworks",
				);
				PRODUCT_BUNDLE_IDENTIFIER = org.csuf.cpsc411.AutoLayoutIBAppTests;
				PRODUCT_NAME = "$(TARGET_NAME)";
				SWIFT_VERSION = 5.0;
				TARGETED_DEVICE_FAMILY = "1,2";
				TEST_HOST = "$(BUILT_PRODUCTS_DIR)/AutoLayoutIBApp.app/AutoLayoutIBApp";
			};
			name = Release;
		};
		38B775D5271F8EBE0014E7E9 /* Debug */ = {
			isa = XCBuildConfiguration;
			buildSettings = {
				ALWAYS_EMBED_SWIFT_STANDARD_LIBRARIES = YES;
				CODE_SIGN_STYLE = Automatic;
				INFOPLIST_FILE = AutoLayoutIBAppUITests/Info.plist;
				LD_RUNPATH_SEARCH_PATHS = (
					"$(inherited)",
					"@executable_path/Frameworks",
					"@loader_path/Frameworks",
				);
				PRODUCT_BUNDLE_IDENTIFIER = org.csuf.cpsc411.AutoLayoutIBAppUITests;
				PRODUCT_NAME = "$(TARGET_NAME)";
				SWIFT_VERSION = 5.0;
				TARGETED_DEVICE_FAMILY = "1,2";
				TEST_TARGET_NAME = AutoLayoutIBApp;
			};
			name = Debug;
		};
		38B775D6271F8EBE0014E7E9 /* Release */ = {
			isa = XCBuildConfiguration;
			buildSettings = {
				ALWAYS_EMBED_SWIFT_STANDARD_LIBRARIES = YES;
				CODE_SIGN_STYLE = Automatic;
				INFOPLIST_FILE = AutoLayoutIBAppUITests/Info.plist;
				LD_RUNPATH_SEARCH_PATHS = (
					"$(inherited)",
					"@executable_path/Frameworks",
					"@loader_path/Frameworks",
				);
				PRODUCT_BUNDLE_IDENTIFIER = org.csuf.cpsc411.AutoLayoutIBAppUITests;
				PRODUCT_NAME = "$(TARGET_NAME)";
				SWIFT_VERSION = 5.0;
				TARGETED_DEVICE_FAMILY = "1,2";
				TEST_TARGET_NAME = AutoLayoutIBApp;
			};
			name = Release;
		};
/* End XCBuildConfiguration section */

/* Begin XCConfigurationList section */
		38B7759F271F8EBC0014E7E9 /* Build configuration list for PBXProject "AutoLayoutIBApp" */ = {
			isa = XCConfigurationList;
			buildConfigurations = (
				38B775CC271F8EBE0014E7E9 /* Debug */,
				38B775CD271F8EBE0014E7E9 /* Release */,
			);
			defaultConfigurationIsVisible = 0;
			defaultConfigurationName = Release;
		};
		38B775CE271F8EBE0014E7E9 /* Build configuration list for PBXNativeTarget "AutoLayoutIBApp" */ = {
			isa = XCConfigurationList;
			buildConfigurations = (
				38B775CF271F8EBE0014E7E9 /* Debug */,
				38B775D0271F8EBE0014E7E9 /* Release */,
			);
			defaultConfigurationIsVisible = 0;
			defaultConfigurationName = Release;
		};
		38B775D1271F8EBE0014E7E9 /* Build configuration list for PBXNativeTarget "AutoLayoutIBAppTests" */ = {
			isa = XCConfigurationList;
			buildConfigurations = (
				38B775D2271F8EBE0014E7E9 /* Debug */,
				38B775D3271F8EBE0014E7E9 /* Release */,
			);
			defaultConfigurationIsVisible = 0;
			defaultConfigurationName = Release;
		};
		38B775D4271F8EBE0014E7E9 /* Build configuration list for PBXNativeTarget "AutoLayoutIBAppUITests" */ = {
			isa = XCConfigurationList;
			buildConfigurations = (
				38B775D5271F8EBE0014E7E9 /* Debug */,
				38B775D6271F8EBE0014E7E9 /* Release */,
			);
			defaultConfigurationIsVisible = 0;
			defaultConfigurationName = Release;
		};
/* End XCConfigurationList section */
	};
	rootObject = 38B7759C271F8EBC0014E7E9 /* Project object */;
}
